
Microsoft Visual Studio Solution File, Format Version 12.00
# Visual Studio Version 17
VisualStudioVersion = 17.3.32611.2
MinimumVisualStudioVersion = 10.0.40219.1
Project("{FAE04EC0-301F-11D3-BF4B-00C04F79EFBC}") = "GlobalExceptionHandling", "GlobalExceptionHandling\GlobalExceptionHandling.csproj", "{EF8EF56C-0203-453E-975D-AFBAF2D45FE5}"
EndProject
Global
	GlobalSection(SolutionConfigurationPlatforms) = preSolution
		Debug|Any CPU = Debug|Any CPU
		Release|Any CPU = Release|Any CPU
	EndGlobalSection
	GlobalSection(ProjectConfigurationPlatforms) = postSolution
		{EF8EF56C-0203-453E-975D-AFBAF2D45FE5}.Debug|Any CPU.ActiveCfg = Debug|Any CPU
		{EF8EF56C-0203-453E-975D-AFBAF2D45FE5}.Debug|Any CPU.Build.0 = Debug|Any CPU
		{EF8EF56C-0203-453E-975D-AFBAF2D45FE5}.Release|Any CPU.ActiveCfg = Release|Any CPU
		{EF8EF56C-0203-453E-975D-AFBAF2D45FE5}.Release|Any CPU.Build.0 = Release|Any CPU
	EndGlobalSection
	GlobalSection(SolutionProperties) = preSolution
		HideSolutionNode = FALSE
	EndGlobalSection
	GlobalSection(ExtensibilityGlobals) = postSolution
		SolutionGuid = {EDFB4A40-355F-471F-84E0-20A5E0E4E0BE}
	EndGlobalSection
EndGlobal
